
Microsoft Visual Studio Solution File, Format Version 12.00
# Visual Studio Version 16
VisualStudioVersion = 16.0.30011.22
MinimumVisualStudioVersion = 10.0.40219.1
Project("{9A19103F-16F7-4668-BE54-9A1E7A4F7556}") = "IBPortalTransaction", "IBPortalTransaction\IBPortalTransaction.csproj", "{173BEFEC-BB25-4665-8738-B682B834C8AC}"
EndProject
Project("{FAE04EC0-301F-11D3-BF4B-00C04F79EFBC}") = "Transaction.Data", "Transaction.Data\Transaction.Data.csproj", "{032B3337-85D9-4C47-AD23-BF390E4ABF4D}"
EndProject
Project("{FAE04EC0-301F-11D3-BF4B-00C04F79EFBC}") = "Transaction.Domain", "Transaction.Domain\Transaction.Domain.csproj", "{0422B1D3-6861-4281-A2EF-7ACE3B18939F}"
EndProject
Global
	GlobalSection(SolutionConfigurationPlatforms) = preSolution
		Debug|Any CPU = Debug|Any CPU
		Release|Any CPU = Release|Any CPU
	EndGlobalSection
	GlobalSection(ProjectConfigurationPlatforms) = postSolution
		{173BEFEC-BB25-4665-8738-B682B834C8AC}.Debug|Any CPU.ActiveCfg = Debug|Any CPU
		{173BEFEC-BB25-4665-8738-B682B834C8AC}.Debug|Any CPU.Build.0 = Debug|Any CPU
		{173BEFEC-BB25-4665-8738-B682B834C8AC}.Release|Any CPU.ActiveCfg = Release|Any CPU
		{173BEFEC-BB25-4665-8738-B682B834C8AC}.Release|Any CPU.Build.0 = Release|Any CPU
		{032B3337-85D9-4C47-AD23-BF390E4ABF4D}.Debug|Any CPU.ActiveCfg = Debug|Any CPU
		{032B3337-85D9-4C47-AD23-BF390E4ABF4D}.Debug|Any CPU.Build.0 = Debug|Any CPU
		{032B3337-85D9-4C47-AD23-BF390E4ABF4D}.Release|Any CPU.ActiveCfg = Release|Any CPU
		{032B3337-85D9-4C47-AD23-BF390E4ABF4D}.Release|Any CPU.Build.0 = Release|Any CPU
		{0422B1D3-6861-4281-A2EF-7ACE3B18939F}.Debug|Any CPU.ActiveCfg = Debug|Any CPU
		{0422B1D3-6861-4281-A2EF-7ACE3B18939F}.Debug|Any CPU.Build.0 = Debug|Any CPU
		{0422B1D3-6861-4281-A2EF-7ACE3B18939F}.Release|Any CPU.ActiveCfg = Release|Any CPU
		{0422B1D3-6861-4281-A2EF-7ACE3B18939F}.Release|Any CPU.Build.0 = Release|Any CPU
	EndGlobalSection
	GlobalSection(SolutionProperties) = preSolution
		HideSolutionNode = FALSE
	EndGlobalSection
	GlobalSection(ExtensibilityGlobals) = postSolution
		SolutionGuid = {ED4AE8EE-4A7C-4AC6-9CAA-03C2EE4FFC59}
	EndGlobalSection
EndGlobal
